
Microsoft Visual Studio Solution File, Format Version 12.00
# Visual Studio 2013
VisualStudioVersion = 12.0.40629.0
MinimumVisualStudioVersion = 10.0.40219.1
Project("{FAE04EC0-301F-11D3-BF4B-00C04F79EFBC}") = "LinearReg", "LinearReg\LinearReg.csproj", "{CFFACD01-6C3A-42BC-B855-FA0EA1B19426}"
EndProject
Global
	GlobalSection(SolutionConfigurationPlatforms) = preSolution
		Debug|Any CPU = Debug|Any CPU
		Release|Any CPU = Release|Any CPU
	EndGlobalSection
	GlobalSection(ProjectConfigurationPlatforms) = postSolution
		{CFFACD01-6C3A-42BC-B855-FA0EA1B19426}.Debug|Any CPU.ActiveCfg = Debug|Any CPU
		{CFFACD01-6C3A-42BC-B855-FA0EA1B19426}.Debug|Any CPU.Build.0 = Debug|Any CPU
		{CFFACD01-6C3A-42BC-B855-FA0EA1B19426}.Release|Any CPU.ActiveCfg = Release|Any CPU
		{CFFACD01-6C3A-42BC-B855-FA0EA1B19426}.Release|Any CPU.Build.0 = Release|Any CPU
	EndGlobalSection
	GlobalSection(SolutionProperties) = preSolution
		HideSolutionNode = FALSE
	EndGlobalSection
EndGlobal
